
Microsoft Visual Studio Solution File, Format Version 12.00
# Visual Studio Version 16
VisualStudioVersion = 16.0.30523.141
MinimumVisualStudioVersion = 10.0.40219.1
Project("{FAE04EC0-301F-11D3-BF4B-00C04F79EFBC}") = "RazorPagesMovie", "RazorPagesMovie.csproj", "{54FEC4E4-D67F-421D-A668-6D26945BB09E}"
EndProject
Global
	GlobalSection(SolutionConfigurationPlatforms) = preSolution
		Debug|Any CPU = Debug|Any CPU
		Release|Any CPU = Release|Any CPU
	EndGlobalSection
	GlobalSection(ProjectConfigurationPlatforms) = postSolution
		{54FEC4E4-D67F-421D-A668-6D26945BB09E}.Debug|Any CPU.ActiveCfg = Debug|Any CPU
		{54FEC4E4-D67F-421D-A668-6D26945BB09E}.Debug|Any CPU.Build.0 = Debug|Any CPU
		{54FEC4E4-D67F-421D-A668-6D26945BB09E}.Release|Any CPU.ActiveCfg = Release|Any CPU
		{54FEC4E4-D67F-421D-A668-6D26945BB09E}.Release|Any CPU.Build.0 = Release|Any CPU
	EndGlobalSection
	GlobalSection(SolutionProperties) = preSolution
		HideSolutionNode = FALSE
	EndGlobalSection
	GlobalSection(ExtensibilityGlobals) = postSolution
		SolutionGuid = {31352C18-F559-4DF1-9FBC-73077B2F9D1F}
	EndGlobalSection
EndGlobal
